
Microsoft Visual Studio Solution File, Format Version 12.00
# Visual Studio Version 17
VisualStudioVersion = 17.4.33110.190
MinimumVisualStudioVersion = 10.0.40219.1
Project("{FAE04EC0-301F-11D3-BF4B-00C04F79EFBC}") = "ADO.NET-PracticeProblem", "ADO.NET-PracticeProblem.csproj", "{28777CA8-1981-49FA-855E-8A75C2210D97}"
EndProject
Global
	GlobalSection(SolutionConfigurationPlatforms) = preSolution
		Debug|Any CPU = Debug|Any CPU
		Release|Any CPU = Release|Any CPU
	EndGlobalSection
	GlobalSection(ProjectConfigurationPlatforms) = postSolution
		{28777CA8-1981-49FA-855E-8A75C2210D97}.Debug|Any CPU.ActiveCfg = Debug|Any CPU
		{28777CA8-1981-49FA-855E-8A75C2210D97}.Debug|Any CPU.Build.0 = Debug|Any CPU
		{28777CA8-1981-49FA-855E-8A75C2210D97}.Release|Any CPU.ActiveCfg = Release|Any CPU
		{28777CA8-1981-49FA-855E-8A75C2210D97}.Release|Any CPU.Build.0 = Release|Any CPU
	EndGlobalSection
	GlobalSection(SolutionProperties) = preSolution
		HideSolutionNode = FALSE
	EndGlobalSection
	GlobalSection(ExtensibilityGlobals) = postSolution
		SolutionGuid = {DE490875-F1A8-4EF9-9146-2B68B8000762}
	EndGlobalSection
EndGlobal
